// !$*UTF8*$!
{
	archiveVersion = 1;
	classes = {
	};
	objectVersion = 46;
	objects = {

/* Begin PBXBuildFile section */
		117E76711E78734300F3E39B /* AppDelegate.swift in Sources */ = {isa = PBXBuildFile; fileRef = 117E76701E78734300F3E39B /* AppDelegate.swift */; };
		117E76731E78734300F3E39B /* LoginViewController.swift in Sources */ = {isa = PBXBuildFile; fileRef = 117E76721E78734300F3E39B /* LoginViewController.swift */; };
		117E76761E78734300F3E39B /* Main.storyboard in Resources */ = {isa = PBXBuildFile; fileRef = 117E76741E78734300F3E39B /* Main.storyboard */; };
		117E76781E78734300F3E39B /* Assets.xcassets in Resources */ = {isa = PBXBuildFile; fileRef = 117E76771E78734300F3E39B /* Assets.xcassets */; };
		117E767B1E78734300F3E39B /* LaunchScreen.storyboard in Resources */ = {isa = PBXBuildFile; fileRef = 117E76791E78734300F3E39B /* LaunchScreen.storyboard */; };
		11B4E8CF1E79969300501F3D /* ButtonWithPadding.swift in Sources */ = {isa = PBXBuildFile; fileRef = 11B4E8CE1E79969300501F3D /* ButtonWithPadding.swift */; };
		11B4E8D21E79A0AC00501F3D /* StudentInformation.swift in Sources */ = {isa = PBXBuildFile; fileRef = 11B4E8D11E79A0AC00501F3D /* StudentInformation.swift */; };
		11B4E8D41E79A16F00501F3D /* UdacityApiClient.swift in Sources */ = {isa = PBXBuildFile; fileRef = 11B4E8D31E79A16F00501F3D /* UdacityApiClient.swift */; };
		11B4E8D61E79A17B00501F3D /* ParseApiClient.swift in Sources */ = {isa = PBXBuildFile; fileRef = 11B4E8D51E79A17B00501F3D /* ParseApiClient.swift */; };
		11B4E8D81E79A18D00501F3D /* Client.swift in Sources */ = {isa = PBXBuildFile; fileRef = 11B4E8D71E79A18D00501F3D /* Client.swift */; };
		11B4E8DB1E79A96500501F3D /* Utils.swift in Sources */ = {isa = PBXBuildFile; fileRef = 11B4E8DA1E79A96500501F3D /* Utils.swift */; };
		11B4E8DD1E79AFCC00501F3D /* Endpoints.swift in Sources */ = {isa = PBXBuildFile; fileRef = 11B4E8DC1E79AFCC00501F3D /* Endpoints.swift */; };
/* End PBXBuildFile section */

/* Begin PBXFileReference section */
		117E766D1E78734300F3E39B /* OnTheMap.app */ = {isa = PBXFileReference; explicitFileType = wrapper.application; includeInIndex = 0; path = OnTheMap.app; sourceTree = BUILT_PRODUCTS_DIR; };
		117E76701E78734300F3E39B /* AppDelegate.swift */ = {isa = PBXFileReference; lastKnownFileType = sourcecode.swift; path = AppDelegate.swift; sourceTree = "<group>"; };
		117E76721E78734300F3E39B /* LoginViewController.swift */ = {isa = PBXFileReference; lastKnownFileType = sourcecode.swift; path = LoginViewController.swift; sourceTree = "<group>"; };
		117E76751E78734300F3E39B /* Base */ = {isa = PBXFileReference; lastKnownFileType = file.storyboard; name = Base; path = Base.lproj/Main.storyboard; sourceTree = "<group>"; };
		117E76771E78734300F3E39B /* Assets.xcassets */ = {isa = PBXFileReference; lastKnownFileType = folder.assetcatalog; path = Assets.xcassets; sourceTree = "<group>"; };
		117E767A1E78734300F3E39B /* Base */ = {isa = PBXFileReference; lastKnownFileType = file.storyboard; name = Base; path = Base.lproj/LaunchScreen.storyboard; sourceTree = "<group>"; };
		117E767C1E78734300F3E39B /* Info.plist */ = {isa = PBXFileReference; lastKnownFileType = text.plist.xml; path = Info.plist; sourceTree = "<group>"; };
		11B4E8CE1E79969300501F3D /* ButtonWithPadding.swift */ = {isa = PBXFileReference; fileEncoding = 4; lastKnownFileType = sourcecode.swift; path = ButtonWithPadding.swift; sourceTree = "<group>"; };
		11B4E8D11E79A0AC00501F3D /* StudentInformation.swift */ = {isa = PBXFileReference; fileEncoding = 4; lastKnownFileType = sourcecode.swift; path = StudentInformation.swift; sourceTree = "<group>"; };
		11B4E8D31E79A16F00501F3D /* UdacityApiClient.swift */ = {isa = PBXFileReference; fileEncoding = 4; lastKnownFileType = sourcecode.swift; path = UdacityApiClient.swift; sourceTree = "<group>"; };
		11B4E8D51E79A17B00501F3D /* ParseApiClient.swift */ = {isa = PBXFileReference; fileEncoding = 4; lastKnownFileType = sourcecode.swift; path = ParseApiClient.swift; sourceTree = "<group>"; };
		11B4E8D71E79A18D00501F3D /* Client.swift */ = {isa = PBXFileReference; fileEncoding = 4; lastKnownFileType = sourcecode.swift; path = Client.swift; sourceTree = "<group>"; };
		11B4E8DA1E79A96500501F3D /* Utils.swift */ = {isa = PBXFileReference; fileEncoding = 4; lastKnownFileType = sourcecode.swift; path = Utils.swift; sourceTree = "<group>"; };
		11B4E8DC1E79AFCC00501F3D /* Endpoints.swift */ = {isa = PBXFileReference; fileEncoding = 4; lastKnownFileType = sourcecode.swift; path = Endpoints.swift; sourceTree = "<group>"; };
/* End PBXFileReference section */

/* Begin PBXFrameworksBuildPhase section */
		117E766A1E78734300F3E39B /* Frameworks */ = {
			isa = PBXFrameworksBuildPhase;
			buildActionMask = 2147483647;
			files = (
			);
			runOnlyForDeploymentPostprocessing = 0;
		};
/* End PBXFrameworksBuildPhase section */

/* Begin PBXGroup section */
		117E76641E78734300F3E39B = {
			isa = PBXGroup;
			children = (
				117E766F1E78734300F3E39B /* OnTheMap */,
				117E766E1E78734300F3E39B /* Products */,
			);
			sourceTree = "<group>";
		};
		117E766E1E78734300F3E39B /* Products */ = {
			isa = PBXGroup;
			children = (
				117E766D1E78734300F3E39B /* OnTheMap.app */,
			);
			name = Products;
			sourceTree = "<group>";
		};
		117E766F1E78734300F3E39B /* OnTheMap */ = {
			isa = PBXGroup;
			children = (
				11B4E8D01E79A03A00501F3D /* APIClients */,
				11FC09941E788319001AC03B /* Models */,
				11FC09951E78831E001AC03B /* Views */,
				11FC09931E78830D001AC03B /* Controllers */,
				117E76701E78734300F3E39B /* AppDelegate.swift */,
				117E76741E78734300F3E39B /* Main.storyboard */,
				117E76791E78734300F3E39B /* LaunchScreen.storyboard */,
				11FC09961E788368001AC03B /* Supporting Files */,
				11B4E8DA1E79A96500501F3D /* Utils.swift */,
			);
			path = OnTheMap;
			sourceTree = "<group>";
		};
		11B4E8D01E79A03A00501F3D /* APIClients */ = {
			isa = PBXGroup;
			children = (
				11B4E8D31E79A16F00501F3D /* UdacityApiClient.swift */,
				11B4E8D51E79A17B00501F3D /* ParseApiClient.swift */,
				11B4E8D71E79A18D00501F3D /* Client.swift */,
				11B4E8DC1E79AFCC00501F3D /* Endpoints.swift */,
			);
			path = APIClients;
			sourceTree = "<group>";
		};
		11FC09931E78830D001AC03B /* Controllers */ = {
			isa = PBXGroup;
			children = (
				117E76721E78734300F3E39B /* LoginViewController.swift */,
			);
			path = Controllers;
			sourceTree = "<group>";
		};
		11FC09941E788319001AC03B /* Models */ = {
			isa = PBXGroup;
			children = (
				11B4E8D11E79A0AC00501F3D /* StudentInformation.swift */,
			);
			path = Models;
			sourceTree = "<group>";
		};
		11FC09951E78831E001AC03B /* Views */ = {
			isa = PBXGroup;
			children = (
				11B4E8CE1E79969300501F3D /* ButtonWithPadding.swift */,
			);
			path = Views;
			sourceTree = "<group>";
		};
		11FC09961E788368001AC03B /* Supporting Files */ = {
			isa = PBXGroup;
			children = (
				117E76771E78734300F3E39B /* Assets.xcassets */,
				117E767C1E78734300F3E39B /* Info.plist */,
			);
			name = "Supporting Files";
			sourceTree = "<group>";
		};
/* End PBXGroup section */

/* Begin PBXNativeTarget section */
		117E766C1E78734300F3E39B /* OnTheMap */ = {
			isa = PBXNativeTarget;
			buildConfigurationList = 117E767F1E78734300F3E39B /* Build configuration list for PBXNativeTarget "OnTheMap" */;
			buildPhases = (
				117E76691E78734300F3E39B /* Sources */,
				117E766A1E78734300F3E39B /* Frameworks */,
				117E766B1E78734300F3E39B /* Resources */,
			);
			buildRules = (
			);
			dependencies = (
			);
			name = OnTheMap;
			productName = OnTheMap;
			productReference = 117E766D1E78734300F3E39B /* OnTheMap.app */;
			productType = "com.apple.product-type.application";
		};
/* End PBXNativeTarget section */

/* Begin PBXProject section */
		117E76651E78734300F3E39B /* Project object */ = {
			isa = PBXProject;
			attributes = {
				LastSwiftUpdateCheck = 0820;
				LastUpgradeCheck = 0820;
				ORGANIZATIONNAME = Nozary;
				TargetAttributes = {
					117E766C1E78734300F3E39B = {
						CreatedOnToolsVersion = 8.2.1;
						DevelopmentTeam = 2CYX44K4NB;
						ProvisioningStyle = Automatic;
					};
				};
			};
			buildConfigurationList = 117E76681E78734300F3E39B /* Build configuration list for PBXProject "OnTheMap" */;
			compatibilityVersion = "Xcode 3.2";
			developmentRegion = English;
			hasScannedForEncodings = 0;
			knownRegions = (
				en,
				Base,
			);
			mainGroup = 117E76641E78734300F3E39B;
			productRefGroup = 117E766E1E78734300F3E39B /* Products */;
			projectDirPath = "";
			projectRoot = "";
			targets = (
				117E766C1E78734300F3E39B /* OnTheMap */,
			);
		};
/* End PBXProject section */

/* Begin PBXResourcesBuildPhase section */
		117E766B1E78734300F3E39B /* Resources */ = {
			isa = PBXResourcesBuildPhase;
			buildActionMask = 2147483647;
			files = (
				117E767B1E78734300F3E39B /* LaunchScreen.storyboard in Resources */,
				117E76781E78734300F3E39B /* Assets.xcassets in Resources */,
				117E76761E78734300F3E39B /* Main.storyboard in Resources */,
			);
			runOnlyForDeploymentPostprocessing = 0;
		};
/* End PBXResourcesBuildPhase section */

/* Begin PBXSourcesBuildPhase section */
		117E76691E78734300F3E39B /* Sources */ = {
			isa = PBXSourcesBuildPhase;
			buildActionMask = 2147483647;
			files = (
				11B4E8D21E79A0AC00501F3D /* StudentInformation.swift in Sources */,
				11B4E8D81E79A18D00501F3D /* Client.swift in Sources */,
				117E76731E78734300F3E39B /* LoginViewController.swift in Sources */,
				117E76711E78734300F3E39B /* AppDelegate.swift in Sources */,
				11B4E8D61E79A17B00501F3D /* ParseApiClient.swift in Sources */,
				11B4E8CF1E79969300501F3D /* ButtonWithPadding.swift in Sources */,
				11B4E8D41E79A16F00501F3D /* UdacityApiClient.swift in Sources */,
				11B4E8DD1E79AFCC00501F3D /* Endpoints.swift in Sources */,
				11B4E8DB1E79A96500501F3D /* Utils.swift in Sources */,
			);
			runOnlyForDeploymentPostprocessing = 0;
		};
/* End PBXSourcesBuildPhase section */

/* Begin PBXVariantGroup section */
		117E76741E78734300F3E39B /* Main.storyboard */ = {
			isa = PBXVariantGroup;
			children = (
				117E76751E78734300F3E39B /* Base */,
			);
			name = Main.storyboard;
			sourceTree = "<group>";
		};
		117E76791E78734300F3E39B /* LaunchScreen.storyboard */ = {
			isa = PBXVariantGroup;
			children = (
				117E767A1E78734300F3E39B /* Base */,
			);
			name = LaunchScreen.storyboard;
			sourceTree = "<group>";
		};
/* End PBXVariantGroup section */

/* Begin XCBuildConfiguration section */
		117E767D1E78734300F3E39B /* Debug */ = {
			isa = XCBuildConfiguration;
			buildSettings = {
				ALWAYS_SEARCH_USER_PATHS = NO;
				CLANG_ANALYZER_NONNULL = YES;
				CLANG_CXX_LANGUAGE_STANDARD = "gnu++0x";
				CLANG_CXX_LIBRARY = "libc++";
				CLANG_ENABLE_MODULES = YES;
				CLANG_ENABLE_OBJC_ARC = YES;
				CLANG_WARN_BOOL_CONVERSION = YES;
				CLANG_WARN_CONSTANT_CONVERSION = YES;
				CLANG_WARN_DIRECT_OBJC_ISA_USAGE = YES_ERROR;
				CLANG_WARN_DOCUMENTATION_COMMENTS = YES;
				CLANG_WARN_EMPTY_BODY = YES;
				CLANG_WARN_ENUM_CONVERSION = YES;
				CLANG_WARN_INFINITE_RECURSION = YES;
				CLANG_WARN_INT_CONVERSION = YES;
				CLANG_WARN_OBJC_ROOT_CLASS = YES_ERROR;
				CLANG_WARN_SUSPICIOUS_MOVE = YES;
				CLANG_WARN_UNREACHABLE_CODE = YES;
				CLANG_WARN__DUPLICATE_METHOD_MATCH = YES;
				"CODE_SIGN_IDENTITY[sdk=iphoneos*]" = "iPhone Developer";
				COPY_PHASE_STRIP = NO;
				DEBUG_INFORMATION_FORMAT = dwarf;
				ENABLE_STRICT_OBJC_MSGSEND = YES;
				ENABLE_TESTABILITY = YES;
				GCC_C_LANGUAGE_STANDARD = gnu99;
				GCC_DYNAMIC_NO_PIC = NO;
				GCC_NO_COMMON_BLOCKS = YES;
				GCC_OPTIMIZATION_LEVEL = 0;
				GCC_PREPROCESSOR_DEFINITIONS = (
					"DEBUG=1",
					"$(inherited)",
				);
				GCC_WARN_64_TO_32_BIT_CONVERSION = YES;
				GCC_WARN_ABOUT_RETURN_TYPE = YES_ERROR;
				GCC_WARN_UNDECLARED_SELECTOR = YES;
				GCC_WARN_UNINITIALIZED_AUTOS = YES_AGGRESSIVE;
				GCC_WARN_UNUSED_FUNCTION = YES;
				GCC_WARN_UNUSED_VARIABLE = YES;
				IPHONEOS_DEPLOYMENT_TARGET = 10.2;
				MTL_ENABLE_DEBUG_INFO = YES;
				ONLY_ACTIVE_ARCH = YES;
				SDKROOT = iphoneos;
				SWIFT_ACTIVE_COMPILATION_CONDITIONS = DEBUG;
				SWIFT_OPTIMIZATION_LEVEL = "-Onone";
				TARGETED_DEVICE_FAMILY = "1,2";
			};
			name = Debug;
		};
		117E767E1E78734300F3E39B /* Release */ = {
			isa = XCBuildConfiguration;
			buildSettings = {
				ALWAYS_SEARCH_USER_PATHS = NO;
				CLANG_ANALYZER_NONNULL = YES;
				CLANG_CXX_LANGUAGE_STANDARD = "gnu++0x";
				CLANG_CXX_LIBRARY = "libc++";
				CLANG_ENABLE_MODULES = YES;
				CLANG_ENABLE_OBJC_ARC = YES;
				CLANG_WARN_BOOL_CONVERSION = YES;
				CLANG_WARN_CONSTANT_CONVERSION = YES;
				CLANG_WARN_DIRECT_OBJC_ISA_USAGE = YES_ERROR;
				CLANG_WARN_DOCUMENTATION_COMMENTS = YES;
				CLANG_WARN_EMPTY_BODY = YES;
				CLANG_WARN_ENUM_CONVERSION = YES;
				CLANG_WARN_INFINITE_RECURSION = YES;
				CLANG_WARN_INT_CONVERSION = YES;
				CLANG_WARN_OBJC_ROOT_CLASS = YES_ERROR;
				CLANG_WARN_SUSPICIOUS_MOVE = YES;
				CLANG_WARN_UNREACHABLE_CODE = YES;
				CLANG_WARN__DUPLICATE_METHOD_MATCH = YES;
				"CODE_SIGN_IDENTITY[sdk=iphoneos*]" = "iPhone Developer";
				COPY_PHASE_STRIP = NO;
				DEBUG_INFORMATION_FORMAT = "dwarf-with-dsym";
				ENABLE_NS_ASSERTIONS = NO;
				ENABLE_STRICT_OBJC_MSGSEND = YES;
				GCC_C_LANGUAGE_STANDARD = gnu99;
				GCC_NO_COMMON_BLOCKS = YES;
				GCC_WARN_64_TO_32_BIT_CONVERSION = YES;
				GCC_WARN_ABOUT_RETURN_TYPE = YES_ERROR;
				GCC_WARN_UNDECLARED_SELECTOR = YES;
				GCC_WARN_UNINITIALIZED_AUTOS = YES_AGGRESSIVE;
				GCC_WARN_UNUSED_FUNCTION = YES;
				GCC_WARN_UNUSED_VARIABLE = YES;
				IPHONEOS_DEPLOYMENT_TARGET = 10.2;
				MTL_ENABLE_DEBUG_INFO = NO;
				SDKROOT = iphoneos;
				SWIFT_OPTIMIZATION_LEVEL = "-Owholemodule";
				TARGETED_DEVICE_FAMILY = "1,2";
				VALIDATE_PRODUCT = YES;
			};
			name = Release;
		};
		117E76801E78734300F3E39B /* Debug */ = {
			isa = XCBuildConfiguration;
			buildSettings = {
				ASSETCATALOG_COMPILER_APPICON_NAME = AppIcon;
				DEVELOPMENT_TEAM = 2CYX44K4NB;
				INFOPLIST_FILE = OnTheMap/Info.plist;
				LD_RUNPATH_SEARCH_PATHS = "$(inherited) @executable_path/Frameworks";
				PRODUCT_BUNDLE_IDENTIFIER = com.nozary.OnTheMap;
				PRODUCT_NAME = "$(TARGET_NAME)";
				SWIFT_VERSION = 3.0;
			};
			name = Debug;
		};
		117E76811E78734300F3E39B /* Release */ = {
			isa = XCBuildConfiguration;
			buildSettings = {
				ASSETCATALOG_COMPILER_APPICON_NAME = AppIcon;
				DEVELOPMENT_TEAM = 2CYX44K4NB;
				INFOPLIST_FILE = OnTheMap/Info.plist;
				LD_RUNPATH_SEARCH_PATHS = "$(inherited) @executable_path/Frameworks";
				PRODUCT_BUNDLE_IDENTIFIER = com.nozary.OnTheMap;
				PRODUCT_NAME = "$(TARGET_NAME)";
				SWIFT_VERSION = 3.0;
			};
			name = Release;
		};
/* End XCBuildConfiguration section */

/* Begin XCConfigurationList section */
		117E76681E78734300F3E39B /* Build configuration list for PBXProject "OnTheMap" */ = {
			isa = XCConfigurationList;
			buildConfigurations = (
				117E767D1E78734300F3E39B /* Debug */,
				117E767E1E78734300F3E39B /* Release */,
			);
			defaultConfigurationIsVisible = 0;
			defaultConfigurationName = Release;
		};
		117E767F1E78734300F3E39B /* Build configuration list for PBXNativeTarget "OnTheMap" */ = {
			isa = XCConfigurationList;
			buildConfigurations = (
				117E76801E78734300F3E39B /* Debug */,
				117E76811E78734300F3E39B /* Release */,
			);
			defaultConfigurationIsVisible = 0;
			defaultConfigurationName = Release;
		};
/* End XCConfigurationList section */
	};
	rootObject = 117E76651E78734300F3E39B /* Project object */;
}
